
Microsoft Visual Studio Solution File, Format Version 12.00
# Visual Studio 15
VisualStudioVersion = 15.0.28307.1145
MinimumVisualStudioVersion = 10.0.40219.1
Project("{FAE04EC0-301F-11D3-BF4B-00C04F79EFBC}") = "PROG32356_quiz2", "PROG32356_quiz2\PROG32356_quiz2.csproj", "{E00D6A03-CA52-4576-A81D-2E181B353226}"
EndProject
Global
	GlobalSection(SolutionConfigurationPlatforms) = preSolution
		Debug|Any CPU = Debug|Any CPU
		Release|Any CPU = Release|Any CPU
	EndGlobalSection
	GlobalSection(ProjectConfigurationPlatforms) = postSolution
		{E00D6A03-CA52-4576-A81D-2E181B353226}.Debug|Any CPU.ActiveCfg = Debug|Any CPU
		{E00D6A03-CA52-4576-A81D-2E181B353226}.Debug|Any CPU.Build.0 = Debug|Any CPU
		{E00D6A03-CA52-4576-A81D-2E181B353226}.Release|Any CPU.ActiveCfg = Release|Any CPU
		{E00D6A03-CA52-4576-A81D-2E181B353226}.Release|Any CPU.Build.0 = Release|Any CPU
	EndGlobalSection
	GlobalSection(SolutionProperties) = preSolution
		HideSolutionNode = FALSE
	EndGlobalSection
	GlobalSection(ExtensibilityGlobals) = postSolution
		SolutionGuid = {50384C43-7527-4D01-95A8-1F43F33B02F0}
	EndGlobalSection
EndGlobal
